// !$*UTF8*$!
{
	archiveVersion = 1;
	classes = {
	};
	objectVersion = 56;
	objects = {

/* Begin PBXBuildFile section */
		BD0EA9FE29B4D7DB00005899 /* PlanView.swift in Sources */ = {isa = PBXBuildFile; fileRef = BD0EA9FD29B4D7DB00005899 /* PlanView.swift */; };
		BD0EAA0029B4D81900005899 /* GuideView.swift in Sources */ = {isa = PBXBuildFile; fileRef = BD0EA9FF29B4D81900005899 /* GuideView.swift */; };
		BD0EAA0229B4D82400005899 /* ProfileView.swift in Sources */ = {isa = PBXBuildFile; fileRef = BD0EAA0129B4D82400005899 /* ProfileView.swift */; };
		BD0EAA0629B4E58C00005899 /* UIScreenExtension.swift in Sources */ = {isa = PBXBuildFile; fileRef = BD0EAA0529B4E58C00005899 /* UIScreenExtension.swift */; };
		BD75F3A929B3804200C504D1 /* KankouApp.swift in Sources */ = {isa = PBXBuildFile; fileRef = BD75F3A829B3804200C504D1 /* KankouApp.swift */; };
		BD75F3AD29B3804200C504D1 /* Assets.xcassets in Resources */ = {isa = PBXBuildFile; fileRef = BD75F3AC29B3804200C504D1 /* Assets.xcassets */; };
		BD75F3B029B3804200C504D1 /* Preview Assets.xcassets in Resources */ = {isa = PBXBuildFile; fileRef = BD75F3AF29B3804200C504D1 /* Preview Assets.xcassets */; };
		BD821E0C29B5804400C47AD6 /* FredokaOne-Regular.ttf in Resources */ = {isa = PBXBuildFile; fileRef = BD821E0B29B5804400C47AD6 /* FredokaOne-Regular.ttf */; };
		BD821E1429B5804D00C47AD6 /* MPLUSRounded1c-Medium.ttf in Resources */ = {isa = PBXBuildFile; fileRef = BD821E0D29B5804C00C47AD6 /* MPLUSRounded1c-Medium.ttf */; };
		BD821E1529B5804D00C47AD6 /* MPLUSRounded1c-Bold.ttf in Resources */ = {isa = PBXBuildFile; fileRef = BD821E0E29B5804C00C47AD6 /* MPLUSRounded1c-Bold.ttf */; };
		BD821E1629B5804D00C47AD6 /* MPLUSRounded1c-Black.ttf in Resources */ = {isa = PBXBuildFile; fileRef = BD821E0F29B5804D00C47AD6 /* MPLUSRounded1c-Black.ttf */; };
		BD821E1729B5804D00C47AD6 /* MPLUSRounded1c-Light.ttf in Resources */ = {isa = PBXBuildFile; fileRef = BD821E1029B5804D00C47AD6 /* MPLUSRounded1c-Light.ttf */; };
		BD821E1829B5804D00C47AD6 /* MPLUSRounded1c-Thin.ttf in Resources */ = {isa = PBXBuildFile; fileRef = BD821E1129B5804D00C47AD6 /* MPLUSRounded1c-Thin.ttf */; };
		BD821E1929B5804D00C47AD6 /* MPLUSRounded1c-Regular.ttf in Resources */ = {isa = PBXBuildFile; fileRef = BD821E1229B5804D00C47AD6 /* MPLUSRounded1c-Regular.ttf */; };
		BD821E1A29B5804D00C47AD6 /* MPLUSRounded1c-ExtraBold.ttf in Resources */ = {isa = PBXBuildFile; fileRef = BD821E1329B5804D00C47AD6 /* MPLUSRounded1c-ExtraBold.ttf */; };
		BD821E1C29B580F000C47AD6 /* FontExtension.swift in Sources */ = {isa = PBXBuildFile; fileRef = BD821E1B29B580F000C47AD6 /* FontExtension.swift */; };
		BD821E1E29B5869300C47AD6 /* CustomIndicatorComponent.swift in Sources */ = {isa = PBXBuildFile; fileRef = BD821E1D29B5869300C47AD6 /* CustomIndicatorComponent.swift */; };
		BD821E2329B5A44500C47AD6 /* LoginView.swift in Sources */ = {isa = PBXBuildFile; fileRef = BD821E2229B5A44500C47AD6 /* LoginView.swift */; };
		BD821E2529B5A76400C47AD6 /* NavigationViewBackButtonComponent.swift in Sources */ = {isa = PBXBuildFile; fileRef = BD821E2429B5A76400C47AD6 /* NavigationViewBackButtonComponent.swift */; };
		BD821E2729B5ACA000C47AD6 /* AuthenticationLogoComponent.swift in Sources */ = {isa = PBXBuildFile; fileRef = BD821E2629B5ACA000C47AD6 /* AuthenticationLogoComponent.swift */; };
		BD821E2929B5B47500C47AD6 /* RegisterView.swift in Sources */ = {isa = PBXBuildFile; fileRef = BD821E2829B5B47500C47AD6 /* RegisterView.swift */; };
		BD821E2B29B5B48500C47AD6 /* PasswordResetView.swift in Sources */ = {isa = PBXBuildFile; fileRef = BD821E2A29B5B48500C47AD6 /* PasswordResetView.swift */; };
		BDD18F0429B4451600193174 /* SplashView.swift in Sources */ = {isa = PBXBuildFile; fileRef = BDD18F0329B4451600193174 /* SplashView.swift */; };
		BDD18F0629B448F500193174 /* HomeView.swift in Sources */ = {isa = PBXBuildFile; fileRef = BDD18F0529B448F500193174 /* HomeView.swift */; };
		BDD18F0829B44D0600193174 /* TabBarView.swift in Sources */ = {isa = PBXBuildFile; fileRef = BDD18F0729B44D0600193174 /* TabBarView.swift */; };
		BDD18F0A29B44F2E00193174 /* ColorExtension.swift in Sources */ = {isa = PBXBuildFile; fileRef = BDD18F0929B44F2E00193174 /* ColorExtension.swift */; };
		BDD18F0C29B4502D00193174 /* TabBarButtonComponent.swift in Sources */ = {isa = PBXBuildFile; fileRef = BDD18F0B29B4502D00193174 /* TabBarButtonComponent.swift */; };
/* End PBXBuildFile section */

/* Begin PBXFileReference section */
		BD0EA9FD29B4D7DB00005899 /* PlanView.swift */ = {isa = PBXFileReference; lastKnownFileType = sourcecode.swift; path = PlanView.swift; sourceTree = "<group>"; };
		BD0EA9FF29B4D81900005899 /* GuideView.swift */ = {isa = PBXFileReference; lastKnownFileType = sourcecode.swift; path = GuideView.swift; sourceTree = "<group>"; };
		BD0EAA0129B4D82400005899 /* ProfileView.swift */ = {isa = PBXFileReference; lastKnownFileType = sourcecode.swift; path = ProfileView.swift; sourceTree = "<group>"; };
		BD0EAA0529B4E58C00005899 /* UIScreenExtension.swift */ = {isa = PBXFileReference; lastKnownFileType = sourcecode.swift; path = UIScreenExtension.swift; sourceTree = "<group>"; };
		BD75F3A529B3804200C504D1 /* Kankou.app */ = {isa = PBXFileReference; explicitFileType = wrapper.application; includeInIndex = 0; path = Kankou.app; sourceTree = BUILT_PRODUCTS_DIR; };
		BD75F3A829B3804200C504D1 /* KankouApp.swift */ = {isa = PBXFileReference; lastKnownFileType = sourcecode.swift; path = KankouApp.swift; sourceTree = "<group>"; };
		BD75F3AC29B3804200C504D1 /* Assets.xcassets */ = {isa = PBXFileReference; lastKnownFileType = folder.assetcatalog; path = Assets.xcassets; sourceTree = "<group>"; };
		BD75F3AF29B3804200C504D1 /* Preview Assets.xcassets */ = {isa = PBXFileReference; lastKnownFileType = folder.assetcatalog; path = "Preview Assets.xcassets"; sourceTree = "<group>"; };
		BD821E0229B5800000C47AD6 /* Info.plist */ = {isa = PBXFileReference; lastKnownFileType = text.plist; path = Info.plist; sourceTree = "<group>"; };
		BD821E0B29B5804400C47AD6 /* FredokaOne-Regular.ttf */ = {isa = PBXFileReference; lastKnownFileType = file; path = "FredokaOne-Regular.ttf"; sourceTree = "<group>"; };
		BD821E0D29B5804C00C47AD6 /* MPLUSRounded1c-Medium.ttf */ = {isa = PBXFileReference; lastKnownFileType = file; path = "MPLUSRounded1c-Medium.ttf"; sourceTree = "<group>"; };
		BD821E0E29B5804C00C47AD6 /* MPLUSRounded1c-Bold.ttf */ = {isa = PBXFileReference; lastKnownFileType = file; path = "MPLUSRounded1c-Bold.ttf"; sourceTree = "<group>"; };
		BD821E0F29B5804D00C47AD6 /* MPLUSRounded1c-Black.ttf */ = {isa = PBXFileReference; lastKnownFileType = file; path = "MPLUSRounded1c-Black.ttf"; sourceTree = "<group>"; };
		BD821E1029B5804D00C47AD6 /* MPLUSRounded1c-Light.ttf */ = {isa = PBXFileReference; lastKnownFileType = file; path = "MPLUSRounded1c-Light.ttf"; sourceTree = "<group>"; };
		BD821E1129B5804D00C47AD6 /* MPLUSRounded1c-Thin.ttf */ = {isa = PBXFileReference; lastKnownFileType = file; path = "MPLUSRounded1c-Thin.ttf"; sourceTree = "<group>"; };
		BD821E1229B5804D00C47AD6 /* MPLUSRounded1c-Regular.ttf */ = {isa = PBXFileReference; lastKnownFileType = file; path = "MPLUSRounded1c-Regular.ttf"; sourceTree = "<group>"; };
		BD821E1329B5804D00C47AD6 /* MPLUSRounded1c-ExtraBold.ttf */ = {isa = PBXFileReference; lastKnownFileType = file; path = "MPLUSRounded1c-ExtraBold.ttf"; sourceTree = "<group>"; };
		BD821E1B29B580F000C47AD6 /* FontExtension.swift */ = {isa = PBXFileReference; lastKnownFileType = sourcecode.swift; path = FontExtension.swift; sourceTree = "<group>"; };
		BD821E1D29B5869300C47AD6 /* CustomIndicatorComponent.swift */ = {isa = PBXFileReference; lastKnownFileType = sourcecode.swift; path = CustomIndicatorComponent.swift; sourceTree = "<group>"; };
		BD821E2229B5A44500C47AD6 /* LoginView.swift */ = {isa = PBXFileReference; lastKnownFileType = sourcecode.swift; path = LoginView.swift; sourceTree = "<group>"; };
		BD821E2429B5A76400C47AD6 /* NavigationViewBackButtonComponent.swift */ = {isa = PBXFileReference; lastKnownFileType = sourcecode.swift; path = NavigationViewBackButtonComponent.swift; sourceTree = "<group>"; };
		BD821E2629B5ACA000C47AD6 /* AuthenticationLogoComponent.swift */ = {isa = PBXFileReference; lastKnownFileType = sourcecode.swift; path = AuthenticationLogoComponent.swift; sourceTree = "<group>"; };
		BD821E2829B5B47500C47AD6 /* RegisterView.swift */ = {isa = PBXFileReference; lastKnownFileType = sourcecode.swift; path = RegisterView.swift; sourceTree = "<group>"; };
		BD821E2A29B5B48500C47AD6 /* PasswordResetView.swift */ = {isa = PBXFileReference; lastKnownFileType = sourcecode.swift; path = PasswordResetView.swift; sourceTree = "<group>"; };
		BDD18F0329B4451600193174 /* SplashView.swift */ = {isa = PBXFileReference; lastKnownFileType = sourcecode.swift; path = SplashView.swift; sourceTree = "<group>"; };
		BDD18F0529B448F500193174 /* HomeView.swift */ = {isa = PBXFileReference; lastKnownFileType = sourcecode.swift; path = HomeView.swift; sourceTree = "<group>"; };
		BDD18F0729B44D0600193174 /* TabBarView.swift */ = {isa = PBXFileReference; lastKnownFileType = sourcecode.swift; path = TabBarView.swift; sourceTree = "<group>"; };
		BDD18F0929B44F2E00193174 /* ColorExtension.swift */ = {isa = PBXFileReference; lastKnownFileType = sourcecode.swift; path = ColorExtension.swift; sourceTree = "<group>"; };
		BDD18F0B29B4502D00193174 /* TabBarButtonComponent.swift */ = {isa = PBXFileReference; lastKnownFileType = sourcecode.swift; path = TabBarButtonComponent.swift; sourceTree = "<group>"; };
/* End PBXFileReference section */

/* Begin PBXFrameworksBuildPhase section */
		BD75F3A229B3804200C504D1 /* Frameworks */ = {
			isa = PBXFrameworksBuildPhase;
			buildActionMask = 2147483647;
			files = (
			);
			runOnlyForDeploymentPostprocessing = 0;
		};
/* End PBXFrameworksBuildPhase section */

/* Begin PBXGroup section */
		BD0EA9F729B4D50B00005899 /* View */ = {
			isa = PBXGroup;
			children = (
				BD0EAA0329B4D83000005899 /* CoreView */,
				BD0EAA0429B4D83C00005899 /* SubView */,
				BD0EA9FB29B4D53B00005899 /* Components */,
			);
			path = View;
			sourceTree = "<group>";
		};
		BD0EA9FB29B4D53B00005899 /* Components */ = {
			isa = PBXGroup;
			children = (
				BDD18F0B29B4502D00193174 /* TabBarButtonComponent.swift */,
				BD821E2429B5A76400C47AD6 /* NavigationViewBackButtonComponent.swift */,
				BD821E2629B5ACA000C47AD6 /* AuthenticationLogoComponent.swift */,
				BD821E1D29B5869300C47AD6 /* CustomIndicatorComponent.swift */,
			);
			path = Components;
			sourceTree = "<group>";
		};
		BD0EA9FC29B4D55B00005899 /* Extensions */ = {
			isa = PBXGroup;
			children = (
				BDD18F0929B44F2E00193174 /* ColorExtension.swift */,
				BD0EAA0529B4E58C00005899 /* UIScreenExtension.swift */,
				BD821E1B29B580F000C47AD6 /* FontExtension.swift */,
			);
			path = Extensions;
			sourceTree = "<group>";
		};
		BD0EAA0329B4D83000005899 /* CoreView */ = {
			isa = PBXGroup;
			children = (
				BDD18F0529B448F500193174 /* HomeView.swift */,
				BD0EA9FD29B4D7DB00005899 /* PlanView.swift */,
				BD0EA9FF29B4D81900005899 /* GuideView.swift */,
				BD0EAA0129B4D82400005899 /* ProfileView.swift */,
				BD821E1F29B5A27600C47AD6 /* Authentication */,
			);
			path = CoreView;
			sourceTree = "<group>";
		};
		BD0EAA0429B4D83C00005899 /* SubView */ = {
			isa = PBXGroup;
			children = (
				BDD18F0729B44D0600193174 /* TabBarView.swift */,
				BDD18F0329B4451600193174 /* SplashView.swift */,
			);
			path = SubView;
			sourceTree = "<group>";
		};
		BD75F39C29B3804200C504D1 = {
			isa = PBXGroup;
			children = (
				BD75F3A729B3804200C504D1 /* Kankou */,
				BD75F3A629B3804200C504D1 /* Products */,
			);
			sourceTree = "<group>";
		};
		BD75F3A629B3804200C504D1 /* Products */ = {
			isa = PBXGroup;
			children = (
				BD75F3A529B3804200C504D1 /* Kankou.app */,
			);
			name = Products;
			sourceTree = "<group>";
		};
		BD75F3A729B3804200C504D1 /* Kankou */ = {
			isa = PBXGroup;
			children = (
				BD821E0229B5800000C47AD6 /* Info.plist */,
				BD75F3A829B3804200C504D1 /* KankouApp.swift */,
				BD821E0129B57FE700C47AD6 /* Fonts */,
				BD0EA9F729B4D50B00005899 /* View */,
				BD0EA9FC29B4D55B00005899 /* Extensions */,
				BD75F3AC29B3804200C504D1 /* Assets.xcassets */,
				BD75F3AE29B3804200C504D1 /* Preview Content */,
			);
			path = Kankou;
			sourceTree = "<group>";
		};
		BD75F3AE29B3804200C504D1 /* Preview Content */ = {
			isa = PBXGroup;
			children = (
				BD75F3AF29B3804200C504D1 /* Preview Assets.xcassets */,
			);
			path = "Preview Content";
			sourceTree = "<group>";
		};
		BD821E0129B57FE700C47AD6 /* Fonts */ = {
			isa = PBXGroup;
			children = (
				BD821E0B29B5804400C47AD6 /* FredokaOne-Regular.ttf */,
				BD821E0F29B5804D00C47AD6 /* MPLUSRounded1c-Black.ttf */,
				BD821E0E29B5804C00C47AD6 /* MPLUSRounded1c-Bold.ttf */,
				BD821E1329B5804D00C47AD6 /* MPLUSRounded1c-ExtraBold.ttf */,
				BD821E1029B5804D00C47AD6 /* MPLUSRounded1c-Light.ttf */,
				BD821E0D29B5804C00C47AD6 /* MPLUSRounded1c-Medium.ttf */,
				BD821E1229B5804D00C47AD6 /* MPLUSRounded1c-Regular.ttf */,
				BD821E1129B5804D00C47AD6 /* MPLUSRounded1c-Thin.ttf */,
			);
			path = Fonts;
			sourceTree = "<group>";
		};
		BD821E1F29B5A27600C47AD6 /* Authentication */ = {
			isa = PBXGroup;
			children = (
				BD821E2229B5A44500C47AD6 /* LoginView.swift */,
				BD821E2829B5B47500C47AD6 /* RegisterView.swift */,
				BD821E2A29B5B48500C47AD6 /* PasswordResetView.swift */,
			);
			path = Authentication;
			sourceTree = "<group>";
		};
/* End PBXGroup section */

/* Begin PBXNativeTarget section */
		BD75F3A429B3804200C504D1 /* Kankou */ = {
			isa = PBXNativeTarget;
			buildConfigurationList = BD75F3B329B3804200C504D1 /* Build configuration list for PBXNativeTarget "Kankou" */;
			buildPhases = (
				BD75F3A129B3804200C504D1 /* Sources */,
				BD75F3A229B3804200C504D1 /* Frameworks */,
				BD75F3A329B3804200C504D1 /* Resources */,
			);
			buildRules = (
			);
			dependencies = (
			);
			name = Kankou;
			productName = Kankou;
			productReference = BD75F3A529B3804200C504D1 /* Kankou.app */;
			productType = "com.apple.product-type.application";
		};
/* End PBXNativeTarget section */

/* Begin PBXProject section */
		BD75F39D29B3804200C504D1 /* Project object */ = {
			isa = PBXProject;
			attributes = {
				BuildIndependentTargetsInParallel = 1;
				LastSwiftUpdateCheck = 1420;
				LastUpgradeCheck = 1420;
				TargetAttributes = {
					BD75F3A429B3804200C504D1 = {
						CreatedOnToolsVersion = 14.2;
					};
				};
			};
			buildConfigurationList = BD75F3A029B3804200C504D1 /* Build configuration list for PBXProject "Kankou" */;
			compatibilityVersion = "Xcode 14.0";
			developmentRegion = en;
			hasScannedForEncodings = 0;
			knownRegions = (
				en,
				Base,
			);
			mainGroup = BD75F39C29B3804200C504D1;
			productRefGroup = BD75F3A629B3804200C504D1 /* Products */;
			projectDirPath = "";
			projectRoot = "";
			targets = (
				BD75F3A429B3804200C504D1 /* Kankou */,
			);
		};
/* End PBXProject section */

/* Begin PBXResourcesBuildPhase section */
		BD75F3A329B3804200C504D1 /* Resources */ = {
			isa = PBXResourcesBuildPhase;
			buildActionMask = 2147483647;
			files = (
				BD821E1629B5804D00C47AD6 /* MPLUSRounded1c-Black.ttf in Resources */,
				BD821E1829B5804D00C47AD6 /* MPLUSRounded1c-Thin.ttf in Resources */,
				BD75F3B029B3804200C504D1 /* Preview Assets.xcassets in Resources */,
				BD821E1729B5804D00C47AD6 /* MPLUSRounded1c-Light.ttf in Resources */,
				BD821E1529B5804D00C47AD6 /* MPLUSRounded1c-Bold.ttf in Resources */,
				BD821E1429B5804D00C47AD6 /* MPLUSRounded1c-Medium.ttf in Resources */,
				BD821E1A29B5804D00C47AD6 /* MPLUSRounded1c-ExtraBold.ttf in Resources */,
				BD821E1929B5804D00C47AD6 /* MPLUSRounded1c-Regular.ttf in Resources */,
				BD75F3AD29B3804200C504D1 /* Assets.xcassets in Resources */,
				BD821E0C29B5804400C47AD6 /* FredokaOne-Regular.ttf in Resources */,
			);
			runOnlyForDeploymentPostprocessing = 0;
		};
/* End PBXResourcesBuildPhase section */

/* Begin PBXSourcesBuildPhase section */
		BD75F3A129B3804200C504D1 /* Sources */ = {
			isa = PBXSourcesBuildPhase;
			buildActionMask = 2147483647;
			files = (
				BDD18F0629B448F500193174 /* HomeView.swift in Sources */,
				BD0EAA0229B4D82400005899 /* ProfileView.swift in Sources */,
				BD75F3A929B3804200C504D1 /* KankouApp.swift in Sources */,
				BDD18F0829B44D0600193174 /* TabBarView.swift in Sources */,
				BD821E1E29B5869300C47AD6 /* CustomIndicatorComponent.swift in Sources */,
				BDD18F0C29B4502D00193174 /* TabBarButtonComponent.swift in Sources */,
				BDD18F0429B4451600193174 /* SplashView.swift in Sources */,
				BD821E2529B5A76400C47AD6 /* NavigationViewBackButtonComponent.swift in Sources */,
				BD0EA9FE29B4D7DB00005899 /* PlanView.swift in Sources */,
				BDD18F0A29B44F2E00193174 /* ColorExtension.swift in Sources */,
				BD821E2B29B5B48500C47AD6 /* PasswordResetView.swift in Sources */,
				BD0EAA0029B4D81900005899 /* GuideView.swift in Sources */,
				BD821E2729B5ACA000C47AD6 /* AuthenticationLogoComponent.swift in Sources */,
				BD821E2329B5A44500C47AD6 /* LoginView.swift in Sources */,
				BD821E2929B5B47500C47AD6 /* RegisterView.swift in Sources */,
				BD821E1C29B580F000C47AD6 /* FontExtension.swift in Sources */,
				BD0EAA0629B4E58C00005899 /* UIScreenExtension.swift in Sources */,
			);
			runOnlyForDeploymentPostprocessing = 0;
		};
/* End PBXSourcesBuildPhase section */

/* Begin XCBuildConfiguration section */
		BD75F3B129B3804200C504D1 /* Debug */ = {
			isa = XCBuildConfiguration;
			buildSettings = {
				ALWAYS_SEARCH_USER_PATHS = NO;
				CLANG_ANALYZER_NONNULL = YES;
				CLANG_ANALYZER_NUMBER_OBJECT_CONVERSION = YES_AGGRESSIVE;
				CLANG_CXX_LANGUAGE_STANDARD = "gnu++20";
				CLANG_ENABLE_MODULES = YES;
				CLANG_ENABLE_OBJC_ARC = YES;
				CLANG_ENABLE_OBJC_WEAK = YES;
				CLANG_WARN_BLOCK_CAPTURE_AUTORELEASING = YES;
				CLANG_WARN_BOOL_CONVERSION = YES;
				CLANG_WARN_COMMA = YES;
				CLANG_WARN_CONSTANT_CONVERSION = YES;
				CLANG_WARN_DEPRECATED_OBJC_IMPLEMENTATIONS = YES;
				CLANG_WARN_DIRECT_OBJC_ISA_USAGE = YES_ERROR;
				CLANG_WARN_DOCUMENTATION_COMMENTS = YES;
				CLANG_WARN_EMPTY_BODY = YES;
				CLANG_WARN_ENUM_CONVERSION = YES;
				CLANG_WARN_INFINITE_RECURSION = YES;
				CLANG_WARN_INT_CONVERSION = YES;
				CLANG_WARN_NON_LITERAL_NULL_CONVERSION = YES;
				CLANG_WARN_OBJC_IMPLICIT_RETAIN_SELF = YES;
				CLANG_WARN_OBJC_LITERAL_CONVERSION = YES;
				CLANG_WARN_OBJC_ROOT_CLASS = YES_ERROR;
				CLANG_WARN_QUOTED_INCLUDE_IN_FRAMEWORK_HEADER = YES;
				CLANG_WARN_RANGE_LOOP_ANALYSIS = YES;
				CLANG_WARN_STRICT_PROTOTYPES = YES;
				CLANG_WARN_SUSPICIOUS_MOVE = YES;
				CLANG_WARN_UNGUARDED_AVAILABILITY = YES_AGGRESSIVE;
				CLANG_WARN_UNREACHABLE_CODE = YES;
				CLANG_WARN__DUPLICATE_METHOD_MATCH = YES;
				COPY_PHASE_STRIP = NO;
				DEBUG_INFORMATION_FORMAT = dwarf;
				ENABLE_STRICT_OBJC_MSGSEND = YES;
				ENABLE_TESTABILITY = YES;
				GCC_C_LANGUAGE_STANDARD = gnu11;
				GCC_DYNAMIC_NO_PIC = NO;
				GCC_NO_COMMON_BLOCKS = YES;
				GCC_OPTIMIZATION_LEVEL = 0;
				GCC_PREPROCESSOR_DEFINITIONS = (
					"DEBUG=1",
					"$(inherited)",
				);
				GCC_WARN_64_TO_32_BIT_CONVERSION = YES;
				GCC_WARN_ABOUT_RETURN_TYPE = YES_ERROR;
				GCC_WARN_UNDECLARED_SELECTOR = YES;
				GCC_WARN_UNINITIALIZED_AUTOS = YES_AGGRESSIVE;
				GCC_WARN_UNUSED_FUNCTION = YES;
				GCC_WARN_UNUSED_VARIABLE = YES;
				IPHONEOS_DEPLOYMENT_TARGET = 16.2;
				MTL_ENABLE_DEBUG_INFO = INCLUDE_SOURCE;
				MTL_FAST_MATH = YES;
				ONLY_ACTIVE_ARCH = YES;
				SDKROOT = iphoneos;
				SWIFT_ACTIVE_COMPILATION_CONDITIONS = DEBUG;
				SWIFT_OPTIMIZATION_LEVEL = "-Onone";
			};
			name = Debug;
		};
		BD75F3B229B3804200C504D1 /* Release */ = {
			isa = XCBuildConfiguration;
			buildSettings = {
				ALWAYS_SEARCH_USER_PATHS = NO;
				CLANG_ANALYZER_NONNULL = YES;
				CLANG_ANALYZER_NUMBER_OBJECT_CONVERSION = YES_AGGRESSIVE;
				CLANG_CXX_LANGUAGE_STANDARD = "gnu++20";
				CLANG_ENABLE_MODULES = YES;
				CLANG_ENABLE_OBJC_ARC = YES;
				CLANG_ENABLE_OBJC_WEAK = YES;
				CLANG_WARN_BLOCK_CAPTURE_AUTORELEASING = YES;
				CLANG_WARN_BOOL_CONVERSION = YES;
				CLANG_WARN_COMMA = YES;
				CLANG_WARN_CONSTANT_CONVERSION = YES;
				CLANG_WARN_DEPRECATED_OBJC_IMPLEMENTATIONS = YES;
				CLANG_WARN_DIRECT_OBJC_ISA_USAGE = YES_ERROR;
				CLANG_WARN_DOCUMENTATION_COMMENTS = YES;
				CLANG_WARN_EMPTY_BODY = YES;
				CLANG_WARN_ENUM_CONVERSION = YES;
				CLANG_WARN_INFINITE_RECURSION = YES;
				CLANG_WARN_INT_CONVERSION = YES;
				CLANG_WARN_NON_LITERAL_NULL_CONVERSION = YES;
				CLANG_WARN_OBJC_IMPLICIT_RETAIN_SELF = YES;
				CLANG_WARN_OBJC_LITERAL_CONVERSION = YES;
				CLANG_WARN_OBJC_ROOT_CLASS = YES_ERROR;
				CLANG_WARN_QUOTED_INCLUDE_IN_FRAMEWORK_HEADER = YES;
				CLANG_WARN_RANGE_LOOP_ANALYSIS = YES;
				CLANG_WARN_STRICT_PROTOTYPES = YES;
				CLANG_WARN_SUSPICIOUS_MOVE = YES;
				CLANG_WARN_UNGUARDED_AVAILABILITY = YES_AGGRESSIVE;
				CLANG_WARN_UNREACHABLE_CODE = YES;
				CLANG_WARN__DUPLICATE_METHOD_MATCH = YES;
				COPY_PHASE_STRIP = NO;
				DEBUG_INFORMATION_FORMAT = "dwarf-with-dsym";
				ENABLE_NS_ASSERTIONS = NO;
				ENABLE_STRICT_OBJC_MSGSEND = YES;
				GCC_C_LANGUAGE_STANDARD = gnu11;
				GCC_NO_COMMON_BLOCKS = YES;
				GCC_WARN_64_TO_32_BIT_CONVERSION = YES;
				GCC_WARN_ABOUT_RETURN_TYPE = YES_ERROR;
				GCC_WARN_UNDECLARED_SELECTOR = YES;
				GCC_WARN_UNINITIALIZED_AUTOS = YES_AGGRESSIVE;
				GCC_WARN_UNUSED_FUNCTION = YES;
				GCC_WARN_UNUSED_VARIABLE = YES;
				IPHONEOS_DEPLOYMENT_TARGET = 16.2;
				MTL_ENABLE_DEBUG_INFO = NO;
				MTL_FAST_MATH = YES;
				SDKROOT = iphoneos;
				SWIFT_COMPILATION_MODE = wholemodule;
				SWIFT_OPTIMIZATION_LEVEL = "-O";
				VALIDATE_PRODUCT = YES;
			};
			name = Release;
		};
		BD75F3B429B3804200C504D1 /* Debug */ = {
			isa = XCBuildConfiguration;
			buildSettings = {
				ASSETCATALOG_COMPILER_APPICON_NAME = AppIcon;
				ASSETCATALOG_COMPILER_GLOBAL_ACCENT_COLOR_NAME = AccentColor;
				CODE_SIGN_STYLE = Automatic;
				CURRENT_PROJECT_VERSION = 1;
				DEVELOPMENT_ASSET_PATHS = "\"Kankou/Preview Content\"";
				ENABLE_PREVIEWS = YES;
				GENERATE_INFOPLIST_FILE = YES;
				INFOPLIST_FILE = Kankou/Info.plist;
				INFOPLIST_KEY_UIApplicationSceneManifest_Generation = YES;
				INFOPLIST_KEY_UIApplicationSupportsIndirectInputEvents = YES;
				INFOPLIST_KEY_UILaunchScreen_Generation = YES;
				INFOPLIST_KEY_UISupportedInterfaceOrientations = UIInterfaceOrientationPortrait;
				LD_RUNPATH_SEARCH_PATHS = (
					"$(inherited)",
					"@executable_path/Frameworks",
				);
				MARKETING_VERSION = 1.0;
				PRODUCT_BUNDLE_IDENTIFIER = com.seungwoo.Kankou;
				PRODUCT_NAME = "$(TARGET_NAME)";
				SWIFT_EMIT_LOC_STRINGS = YES;
				SWIFT_VERSION = 5.0;
				TARGETED_DEVICE_FAMILY = "1,2";
			};
			name = Debug;
		};
		BD75F3B529B3804200C504D1 /* Release */ = {
			isa = XCBuildConfiguration;
			buildSettings = {
				ASSETCATALOG_COMPILER_APPICON_NAME = AppIcon;
				ASSETCATALOG_COMPILER_GLOBAL_ACCENT_COLOR_NAME = AccentColor;
				CODE_SIGN_STYLE = Automatic;
				CURRENT_PROJECT_VERSION = 1;
				DEVELOPMENT_ASSET_PATHS = "\"Kankou/Preview Content\"";
				ENABLE_PREVIEWS = YES;
				GENERATE_INFOPLIST_FILE = YES;
				INFOPLIST_FILE = Kankou/Info.plist;
				INFOPLIST_KEY_UIApplicationSceneManifest_Generation = YES;
				INFOPLIST_KEY_UIApplicationSupportsIndirectInputEvents = YES;
				INFOPLIST_KEY_UILaunchScreen_Generation = YES;
				INFOPLIST_KEY_UISupportedInterfaceOrientations = UIInterfaceOrientationPortrait;
				LD_RUNPATH_SEARCH_PATHS = (
					"$(inherited)",
					"@executable_path/Frameworks",
				);
				MARKETING_VERSION = 1.0;
				PRODUCT_BUNDLE_IDENTIFIER = com.seungwoo.Kankou;
				PRODUCT_NAME = "$(TARGET_NAME)";
				SWIFT_EMIT_LOC_STRINGS = YES;
				SWIFT_VERSION = 5.0;
				TARGETED_DEVICE_FAMILY = "1,2";
			};
			name = Release;
		};
/* End XCBuildConfiguration section */

/* Begin XCConfigurationList section */
		BD75F3A029B3804200C504D1 /* Build configuration list for PBXProject "Kankou" */ = {
			isa = XCConfigurationList;
			buildConfigurations = (
				BD75F3B129B3804200C504D1 /* Debug */,
				BD75F3B229B3804200C504D1 /* Release */,
			);
			defaultConfigurationIsVisible = 0;
			defaultConfigurationName = Release;
		};
		BD75F3B329B3804200C504D1 /* Build configuration list for PBXNativeTarget "Kankou" */ = {
			isa = XCConfigurationList;
			buildConfigurations = (
				BD75F3B429B3804200C504D1 /* Debug */,
				BD75F3B529B3804200C504D1 /* Release */,
			);
			defaultConfigurationIsVisible = 0;
			defaultConfigurationName = Release;
		};
/* End XCConfigurationList section */
	};
	rootObject = BD75F39D29B3804200C504D1 /* Project object */;
}
